// !$*UTF8*$!
{
	archiveVersion = 1;
	classes = {
	};
	objectVersion = 46;
	objects = {

/* Begin PBXBuildFile section */
		9E6574CA1967270A000F7D46 /* main.cpp in Sources */ = {isa = PBXBuildFile; fileRef = 9E6029FF1963690A00F42D3C /* main.cpp */; };
		9EA6774419A3AD0A00BC23E4 /* OpenCL.framework in Frameworks */ = {isa = PBXBuildFile; fileRef = 9EA6774319A3AD0A00BC23E4 /* OpenCL.framework */; };
		9EAA1AEE19BE3EEF000AD7AD /* trayraceProcessor.cpp in Sources */ = {isa = PBXBuildFile; fileRef = 9EAA1AEB19BE3C83000AD7AD /* trayraceProcessor.cpp */; };
		9EC4477F1985B67C004537F0 /* Video Mush.framework in Frameworks */ = {isa = PBXBuildFile; fileRef = 9EC4477E1985B67C004537F0 /* Video Mush.framework */; };
/* End PBXBuildFile section */

/* Begin PBXCopyFilesBuildPhase section */
		9E6029E8196368DE00F42D3C /* Copy Files */ = {
			isa = PBXCopyFilesBuildPhase;
			buildActionMask = 12;
			dstPath = "";
			dstSubfolderSpec = 10;
			files = (
			);
			name = "Copy Files";
			runOnlyForDeploymentPostprocessing = 0;
		};
/* End PBXCopyFilesBuildPhase section */

/* Begin PBXFileReference section */
		9E02EBA2199A2DF90064F06E /* motion3d.hpp */ = {isa = PBXFileReference; lastKnownFileType = sourcecode.cpp.h; name = motion3d.hpp; path = ../src/motion3d.hpp; sourceTree = "<group>"; };
		9E6029EA196368DE00F42D3C /* trayrace */ = {isa = PBXFileReference; explicitFileType = "compiled.mach-o.executable"; includeInIndex = 0; path = trayrace; sourceTree = BUILT_PRODUCTS_DIR; };
		9E6029F61963690A00F42D3C /* boundBox.hpp */ = {isa = PBXFileReference; fileEncoding = 4; lastKnownFileType = sourcecode.cpp.h; name = boundBox.hpp; path = ../src/boundBox.hpp; sourceTree = "<group>"; };
		9E6029F71963690A00F42D3C /* boundOblong.hpp */ = {isa = PBXFileReference; fileEncoding = 4; lastKnownFileType = sourcecode.cpp.h; name = boundOblong.hpp; path = ../src/boundOblong.hpp; sourceTree = "<group>"; };
		9E6029F81963690A00F42D3C /* camera.hpp */ = {isa = PBXFileReference; fileEncoding = 4; lastKnownFileType = sourcecode.cpp.h; name = camera.hpp; path = ../src/camera.hpp; sourceTree = "<group>"; };
		9E6029F91963690A00F42D3C /* cell.hpp */ = {isa = PBXFileReference; fileEncoding = 4; lastKnownFileType = sourcecode.cpp.h; name = cell.hpp; path = ../src/cell.hpp; sourceTree = "<group>"; };
		9E6029FA1963690A00F42D3C /* checkerboard.hpp */ = {isa = PBXFileReference; fileEncoding = 4; lastKnownFileType = sourcecode.cpp.h; name = checkerboard.hpp; path = ../src/checkerboard.hpp; sourceTree = "<group>"; };
		9E6029FB1963690A00F42D3C /* circle3d.hpp */ = {isa = PBXFileReference; fileEncoding = 4; lastKnownFileType = sourcecode.cpp.h; name = circle3d.hpp; path = ../src/circle3d.hpp; sourceTree = "<group>"; };
		9E6029FC1963690A00F42D3C /* cube.hpp */ = {isa = PBXFileReference; fileEncoding = 4; lastKnownFileType = sourcecode.cpp.h; name = cube.hpp; path = ../src/cube.hpp; sourceTree = "<group>"; };
		9E6029FD1963690A00F42D3C /* light.hpp */ = {isa = PBXFileReference; fileEncoding = 4; lastKnownFileType = sourcecode.cpp.h; name = light.hpp; path = ../src/light.hpp; sourceTree = "<group>"; };
		9E6029FE1963690A00F42D3C /* line3d.hpp */ = {isa = PBXFileReference; fileEncoding = 4; lastKnownFileType = sourcecode.cpp.h; name = line3d.hpp; path = ../src/line3d.hpp; sourceTree = "<group>"; };
		9E6029FF1963690A00F42D3C /* main.cpp */ = {isa = PBXFileReference; explicitFileType = sourcecode.cpp.objcpp; fileEncoding = 4; name = main.cpp; path = ../src/main.cpp; sourceTree = SOURCE_ROOT; };
		9E602A001963690A00F42D3C /* matrix3d.hpp */ = {isa = PBXFileReference; fileEncoding = 4; lastKnownFileType = sourcecode.cpp.h; name = matrix3d.hpp; path = ../src/matrix3d.hpp; sourceTree = "<group>"; };
		9E602A011963690A00F42D3C /* paint.hpp */ = {isa = PBXFileReference; fileEncoding = 4; lastKnownFileType = sourcecode.cpp.h; name = paint.hpp; path = ../src/paint.hpp; sourceTree = "<group>"; };
		9E602A021963690A00F42D3C /* plane3d.hpp */ = {isa = PBXFileReference; fileEncoding = 4; lastKnownFileType = sourcecode.cpp.h; name = plane3d.hpp; path = ../src/plane3d.hpp; sourceTree = "<group>"; };
		9E602A031963690A00F42D3C /* point3d.hpp */ = {isa = PBXFileReference; fileEncoding = 4; lastKnownFileType = sourcecode.cpp.h; name = point3d.hpp; path = ../src/point3d.hpp; sourceTree = "<group>"; };
		9E602A041963690A00F42D3C /* profile.hpp */ = {isa = PBXFileReference; fileEncoding = 4; lastKnownFileType = sourcecode.cpp.h; name = profile.hpp; path = ../src/profile.hpp; sourceTree = "<group>"; };
		9E602A051963690A00F42D3C /* scene.hpp */ = {isa = PBXFileReference; fileEncoding = 4; lastKnownFileType = sourcecode.cpp.h; name = scene.hpp; path = ../src/scene.hpp; sourceTree = "<group>"; };
		9E602A061963690A00F42D3C /* SceneStruct.hpp */ = {isa = PBXFileReference; fileEncoding = 4; lastKnownFileType = sourcecode.cpp.h; name = SceneStruct.hpp; path = ../src/SceneStruct.hpp; sourceTree = "<group>"; };
		9E602A071963690A00F42D3C /* shape.hpp */ = {isa = PBXFileReference; fileEncoding = 4; lastKnownFileType = sourcecode.cpp.h; name = shape.hpp; path = ../src/shape.hpp; sourceTree = "<group>"; };
		9E602A081963690A00F42D3C /* sphere.hpp */ = {isa = PBXFileReference; fileEncoding = 4; lastKnownFileType = sourcecode.cpp.h; name = sphere.hpp; path = ../src/sphere.hpp; sourceTree = "<group>"; };
		9E602A091963690A00F42D3C /* square3d.hpp */ = {isa = PBXFileReference; fileEncoding = 4; lastKnownFileType = sourcecode.cpp.h; name = square3d.hpp; path = ../src/square3d.hpp; sourceTree = "<group>"; };
		9E602A0A1963690A00F42D3C /* texture.hpp */ = {isa = PBXFileReference; fileEncoding = 4; lastKnownFileType = sourcecode.cpp.h; name = texture.hpp; path = ../src/texture.hpp; sourceTree = "<group>"; };
		9E602A0B1963690A00F42D3C /* tiffOutput.hpp */ = {isa = PBXFileReference; fileEncoding = 4; lastKnownFileType = sourcecode.cpp.h; name = tiffOutput.hpp; path = ../src/tiffOutput.hpp; sourceTree = "<group>"; };
		9E602A0C1963690A00F42D3C /* unit3d.hpp */ = {isa = PBXFileReference; fileEncoding = 4; lastKnownFileType = sourcecode.cpp.h; name = unit3d.hpp; path = ../src/unit3d.hpp; sourceTree = "<group>"; };
		9E602A0D1963690A00F42D3C /* viewport.hpp */ = {isa = PBXFileReference; fileEncoding = 4; lastKnownFileType = sourcecode.cpp.h; name = viewport.hpp; path = ../src/viewport.hpp; sourceTree = "<group>"; };
		9E602A0E1963690A00F42D3C /* viewport8bit.hpp */ = {isa = PBXFileReference; fileEncoding = 4; lastKnownFileType = sourcecode.cpp.h; name = viewport8bit.hpp; path = ../src/viewport8bit.hpp; sourceTree = "<group>"; };
		9E602A0F1963690A00F42D3C /* viewportFloat.hpp */ = {isa = PBXFileReference; fileEncoding = 4; lastKnownFileType = sourcecode.cpp.h; name = viewportFloat.hpp; path = ../src/viewportFloat.hpp; sourceTree = "<group>"; };
		9E64544419A3A550007E9D6A /* trayraceProcessor.hpp */ = {isa = PBXFileReference; fileEncoding = 4; lastKnownFileType = sourcecode.cpp.h; name = trayraceProcessor.hpp; path = "../src/video-mush/trayraceProcessor.hpp"; sourceTree = "<group>"; };
		9E64544619A3A550007E9D6A /* edgeThreshold.hpp */ = {isa = PBXFileReference; fileEncoding = 4; lastKnownFileType = sourcecode.cpp.h; lineEnding = 0; name = edgeThreshold.hpp; path = "../src/video-mush/edgeThreshold.hpp"; sourceTree = "<group>"; };
		9E64544719A3A550007E9D6A /* diffuseProcess.hpp */ = {isa = PBXFileReference; fileEncoding = 4; lastKnownFileType = sourcecode.cpp.h; lineEnding = 0; name = diffuseProcess.hpp; path = "../src/video-mush/diffuseProcess.hpp"; sourceTree = "<group>"; };
		9E64544819A3A550007E9D6A /* getDiscontinuities.hpp */ = {isa = PBXFileReference; fileEncoding = 4; lastKnownFileType = sourcecode.cpp.h; name = getDiscontinuities.hpp; path = "../src/video-mush/getDiscontinuities.hpp"; sourceTree = "<group>"; };
		9E64544919A3A550007E9D6A /* trayraceRedraw.hpp */ = {isa = PBXFileReference; fileEncoding = 4; lastKnownFileType = sourcecode.cpp.h; name = trayraceRedraw.hpp; path = "../src/video-mush/trayraceRedraw.hpp"; sourceTree = "<group>"; };
		9EA6774319A3AD0A00BC23E4 /* OpenCL.framework */ = {isa = PBXFileReference; lastKnownFileType = wrapper.framework; name = OpenCL.framework; path = System/Library/Frameworks/OpenCL.framework; sourceTree = SDKROOT; };
		9EA6774619A4CA0C00BC23E4 /* trayraceCompose.hpp */ = {isa = PBXFileReference; lastKnownFileType = sourcecode.cpp.h; name = trayraceCompose.hpp; path = "../src/video-mush/trayraceCompose.hpp"; sourceTree = "<group>"; };
		9EAA1AEB19BE3C83000AD7AD /* trayraceProcessor.cpp */ = {isa = PBXFileReference; fileEncoding = 4; lastKnownFileType = sourcecode.cpp.cpp; name = trayraceProcessor.cpp; path = "../src/video-mush/trayraceProcessor.cpp"; sourceTree = SOURCE_ROOT; };
		9EAD22C619BC9B35008806F3 /* trayraceUpsample.hpp */ = {isa = PBXFileReference; lastKnownFileType = sourcecode.cpp.h; name = trayraceUpsample.hpp; path = "../src/video-mush/trayraceUpsample.hpp"; sourceTree = "<group>"; };
		9EC4477E1985B67C004537F0 /* Video Mush.framework */ = {isa = PBXFileReference; lastKnownFileType = wrapper.framework; name = "Video Mush.framework"; path = "../../../Library/Developer/Xcode/DerivedData/trayrace-ectwjrnhmycigocvbzryfrszvzzz/Build/Products/Debug/Video Mush.framework"; sourceTree = "<group>"; };
		9EC44783199A27A0004537F0 /* types.hpp */ = {isa = PBXFileReference; lastKnownFileType = sourcecode.cpp.h; name = types.hpp; path = ../src/types.hpp; sourceTree = "<group>"; };
/* End PBXFileReference section */

/* Begin PBXFrameworksBuildPhase section */
		9E6029E7196368DE00F42D3C /* Frameworks */ = {
			isa = PBXFrameworksBuildPhase;
			buildActionMask = 2147483647;
			files = (
				9EA6774419A3AD0A00BC23E4 /* OpenCL.framework in Frameworks */,
				9EC4477F1985B67C004537F0 /* Video Mush.framework in Frameworks */,
			);
			runOnlyForDeploymentPostprocessing = 0;
		};
/* End PBXFrameworksBuildPhase section */

/* Begin PBXGroup section */
		9E6029E1196368DE00F42D3C = {
			isa = PBXGroup;
			children = (
				9EA6774319A3AD0A00BC23E4 /* OpenCL.framework */,
				9EC4477E1985B67C004537F0 /* Video Mush.framework */,
				9E6029EC196368DE00F42D3C /* trayrace */,
				9E6029EB196368DE00F42D3C /* Products */,
			);
			sourceTree = "<group>";
		};
		9E6029EB196368DE00F42D3C /* Products */ = {
			isa = PBXGroup;
			children = (
				9E6029EA196368DE00F42D3C /* trayrace */,
			);
			name = Products;
			sourceTree = "<group>";
		};
		9E6029EC196368DE00F42D3C /* trayrace */ = {
			isa = PBXGroup;
			children = (
				9E64544319A3A541007E9D6A /* video mush */,
				9EC4478219927170004537F0 /* algebras */,
				9EC447801990343C004537F0 /* shapes */,
				9E6029F81963690A00F42D3C /* camera.hpp */,
				9E6029F91963690A00F42D3C /* cell.hpp */,
				9E6029FA1963690A00F42D3C /* checkerboard.hpp */,
				9E6029FD1963690A00F42D3C /* light.hpp */,
				9E6029FF1963690A00F42D3C /* main.cpp */,
				9E602A011963690A00F42D3C /* paint.hpp */,
				9E602A041963690A00F42D3C /* profile.hpp */,
				9E602A051963690A00F42D3C /* scene.hpp */,
				9E602A061963690A00F42D3C /* SceneStruct.hpp */,
				9E602A0A1963690A00F42D3C /* texture.hpp */,
				9E602A0B1963690A00F42D3C /* tiffOutput.hpp */,
				9E602A0D1963690A00F42D3C /* viewport.hpp */,
				9E602A0E1963690A00F42D3C /* viewport8bit.hpp */,
				9E602A0F1963690A00F42D3C /* viewportFloat.hpp */,
			);
			path = trayrace;
			sourceTree = "<group>";
		};
		9E64544319A3A541007E9D6A /* video mush */ = {
			isa = PBXGroup;
			children = (
				9E64544419A3A550007E9D6A /* trayraceProcessor.hpp */,
				9E64544619A3A550007E9D6A /* edgeThreshold.hpp */,
				9E64544719A3A550007E9D6A /* diffuseProcess.hpp */,
				9E64544819A3A550007E9D6A /* getDiscontinuities.hpp */,
				9E64544919A3A550007E9D6A /* trayraceRedraw.hpp */,
				9EA6774619A4CA0C00BC23E4 /* trayraceCompose.hpp */,
				9EAD22C619BC9B35008806F3 /* trayraceUpsample.hpp */,
				9EAA1AEB19BE3C83000AD7AD /* trayraceProcessor.cpp */,
			);
			name = "video mush";
			sourceTree = "<group>";
		};
		9EC447801990343C004537F0 /* shapes */ = {
			isa = PBXGroup;
			children = (
				9E602A071963690A00F42D3C /* shape.hpp */,
				9E6029F61963690A00F42D3C /* boundBox.hpp */,
				9E6029F71963690A00F42D3C /* boundOblong.hpp */,
				9E6029FB1963690A00F42D3C /* circle3d.hpp */,
				9E6029FC1963690A00F42D3C /* cube.hpp */,
				9E602A021963690A00F42D3C /* plane3d.hpp */,
				9E602A081963690A00F42D3C /* sphere.hpp */,
				9E602A091963690A00F42D3C /* square3d.hpp */,
			);
			name = shapes;
			path = ../src/shapes;
			sourceTree = "<group>";
		};
		9EC4478219927170004537F0 /* algebras */ = {
			isa = PBXGroup;
			children = (
				9EC44783199A27A0004537F0 /* types.hpp */,
				9E02EBA2199A2DF90064F06E /* motion3d.hpp */,
				9E6029FE1963690A00F42D3C /* line3d.hpp */,
				9E602A001963690A00F42D3C /* matrix3d.hpp */,
				9E602A031963690A00F42D3C /* point3d.hpp */,
				9E602A0C1963690A00F42D3C /* unit3d.hpp */,
			);
			name = algebras;
			sourceTree = "<group>";
		};
/* End PBXGroup section */

/* Begin PBXNativeTarget section */
		9E6029E9196368DE00F42D3C /* trayrace */ = {
			isa = PBXNativeTarget;
			buildConfigurationList = 9E6029F3196368DE00F42D3C /* Build configuration list for PBXNativeTarget "trayrace" */;
			buildPhases = (
				9E6029E6196368DE00F42D3C /* Sources */,
				9E6029E7196368DE00F42D3C /* Frameworks */,
				9E6029E8196368DE00F42D3C /* Copy Files */,
			);
			buildRules = (
			);
			dependencies = (
			);
			name = trayrace;
			productName = trayrace;
			productReference = 9E6029EA196368DE00F42D3C /* trayrace */;
			productType = "com.apple.product-type.tool";
		};
/* End PBXNativeTarget section */

/* Begin PBXProject section */
		9E6029E2196368DE00F42D3C /* Project object */ = {
			isa = PBXProject;
			attributes = {
				LastUpgradeCheck = 0510;
				ORGANIZATIONNAME = "___FULLUSERNAME___";
			};
			buildConfigurationList = 9E6029E5196368DE00F42D3C /* Build configuration list for PBXProject "trayrace" */;
			compatibilityVersion = "Xcode 3.2";
			developmentRegion = English;
			hasScannedForEncodings = 0;
			knownRegions = (
				en,
			);
			mainGroup = 9E6029E1196368DE00F42D3C;
			productRefGroup = 9E6029EB196368DE00F42D3C /* Products */;
			projectDirPath = "";
			projectRoot = "";
			targets = (
				9E6029E9196368DE00F42D3C /* trayrace */,
			);
		};
/* End PBXProject section */

/* Begin PBXSourcesBuildPhase section */
		9E6029E6196368DE00F42D3C /* Sources */ = {
			isa = PBXSourcesBuildPhase;
			buildActionMask = 2147483647;
			files = (
				9EAA1AEE19BE3EEF000AD7AD /* trayraceProcessor.cpp in Sources */,
				9E6574CA1967270A000F7D46 /* main.cpp in Sources */,
			);
			runOnlyForDeploymentPostprocessing = 0;
		};
/* End PBXSourcesBuildPhase section */

/* Begin XCBuildConfiguration section */
		9E6029F1196368DE00F42D3C /* Debug */ = {
			isa = XCBuildConfiguration;
			buildSettings = {
				ALWAYS_SEARCH_USER_PATHS = NO;
				CLANG_CXX_LANGUAGE_STANDARD = "gnu++0x";
				CLANG_CXX_LIBRARY = "libc++";
				CLANG_ENABLE_MODULES = YES;
				CLANG_ENABLE_OBJC_ARC = YES;
				CLANG_WARN_BOOL_CONVERSION = YES;
				CLANG_WARN_CONSTANT_CONVERSION = YES;
				CLANG_WARN_DIRECT_OBJC_ISA_USAGE = YES_ERROR;
				CLANG_WARN_EMPTY_BODY = YES;
				CLANG_WARN_ENUM_CONVERSION = YES;
				CLANG_WARN_INT_CONVERSION = YES;
				CLANG_WARN_OBJC_ROOT_CLASS = YES_ERROR;
				CLANG_WARN__DUPLICATE_METHOD_MATCH = YES;
				COPY_PHASE_STRIP = NO;
				GCC_C_LANGUAGE_STANDARD = gnu99;
				GCC_DYNAMIC_NO_PIC = NO;
				GCC_ENABLE_OBJC_EXCEPTIONS = YES;
				GCC_OPTIMIZATION_LEVEL = 0;
				GCC_PREPROCESSOR_DEFINITIONS = (
					"DEBUG=1",
					"$(inherited)",
				);
				GCC_SYMBOLS_PRIVATE_EXTERN = NO;
				GCC_WARN_64_TO_32_BIT_CONVERSION = YES;
				GCC_WARN_ABOUT_RETURN_TYPE = YES_ERROR;
				GCC_WARN_UNDECLARED_SELECTOR = YES;
				GCC_WARN_UNINITIALIZED_AUTOS = YES_AGGRESSIVE;
				GCC_WARN_UNUSED_FUNCTION = YES;
				GCC_WARN_UNUSED_VARIABLE = YES;
				MACOSX_DEPLOYMENT_TARGET = 10.9;
				ONLY_ACTIVE_ARCH = YES;
				SDKROOT = macosx;
			};
			name = Debug;
		};
		9E6029F2196368DE00F42D3C /* Release */ = {
			isa = XCBuildConfiguration;
			buildSettings = {
				ALWAYS_SEARCH_USER_PATHS = NO;
				CLANG_CXX_LANGUAGE_STANDARD = "gnu++0x";
				CLANG_CXX_LIBRARY = "libc++";
				CLANG_ENABLE_MODULES = YES;
				CLANG_ENABLE_OBJC_ARC = YES;
				CLANG_WARN_BOOL_CONVERSION = YES;
				CLANG_WARN_CONSTANT_CONVERSION = YES;
				CLANG_WARN_DIRECT_OBJC_ISA_USAGE = YES_ERROR;
				CLANG_WARN_EMPTY_BODY = YES;
				CLANG_WARN_ENUM_CONVERSION = YES;
				CLANG_WARN_INT_CONVERSION = YES;
				CLANG_WARN_OBJC_ROOT_CLASS = YES_ERROR;
				CLANG_WARN__DUPLICATE_METHOD_MATCH = YES;
				COPY_PHASE_STRIP = YES;
				DEBUG_INFORMATION_FORMAT = "dwarf-with-dsym";
				ENABLE_NS_ASSERTIONS = NO;
				GCC_C_LANGUAGE_STANDARD = gnu99;
				GCC_ENABLE_OBJC_EXCEPTIONS = YES;
				GCC_WARN_64_TO_32_BIT_CONVERSION = YES;
				GCC_WARN_ABOUT_RETURN_TYPE = YES_ERROR;
				GCC_WARN_UNDECLARED_SELECTOR = YES;
				GCC_WARN_UNINITIALIZED_AUTOS = YES_AGGRESSIVE;
				GCC_WARN_UNUSED_FUNCTION = YES;
				GCC_WARN_UNUSED_VARIABLE = YES;
				MACOSX_DEPLOYMENT_TARGET = 10.9;
				SDKROOT = macosx;
			};
			name = Release;
		};
		9E6029F4196368DE00F42D3C /* Debug */ = {
			isa = XCBuildConfiguration;
			buildSettings = {
				CLANG_CXX_LANGUAGE_STANDARD = "c++1y";
				FRAMEWORK_SEARCH_PATHS = (
					"$(inherited)",
					"$(USER_LIBRARY_DIR)/Developer/Xcode/DerivedData/video-mush-gbhvapskrdnjskefzfsrqzhwhrrm/Build/Products/Debug",
					"/Users/josh04/Development/video-mush/xc/media-encoder/build/Debug",
					"$(USER_LIBRARY_DIR)/Developer/Xcode/DerivedData/trayrace-ectwjrnhmycigocvbzryfrszvzzz/Build/Products/Debug",
				);
				HEADER_SEARCH_PATHS = (
					"$(inherited)",
					/Applications/Xcode.app/Contents/Developer/Toolchains/XcodeDefault.xctoolchain/usr/include,
					/usr/local/include,
					/opt/local/include,
				);
				PRODUCT_NAME = "$(TARGET_NAME)";
			};
			name = Debug;
		};
		9E6029F5196368DE00F42D3C /* Release */ = {
			isa = XCBuildConfiguration;
			buildSettings = {
				CLANG_CXX_LANGUAGE_STANDARD = "c++1y";
				FRAMEWORK_SEARCH_PATHS = (
					"$(inherited)",
					"$(USER_LIBRARY_DIR)/Developer/Xcode/DerivedData/video-mush-gbhvapskrdnjskefzfsrqzhwhrrm/Build/Products/Debug",
					"/Users/josh04/Development/video-mush/xc/media-encoder/build/Debug",
					"$(USER_LIBRARY_DIR)/Developer/Xcode/DerivedData/trayrace-ectwjrnhmycigocvbzryfrszvzzz/Build/Products/Debug",
				);
				HEADER_SEARCH_PATHS = (
					"$(inherited)",
					/Applications/Xcode.app/Contents/Developer/Toolchains/XcodeDefault.xctoolchain/usr/include,
					/usr/local/include,
					/opt/local/include,
				);
				PRODUCT_NAME = "$(TARGET_NAME)";
			};
			name = Release;
		};
/* End XCBuildConfiguration section */

/* Begin XCConfigurationList section */
		9E6029E5196368DE00F42D3C /* Build configuration list for PBXProject "trayrace" */ = {
			isa = XCConfigurationList;
			buildConfigurations = (
				9E6029F1196368DE00F42D3C /* Debug */,
				9E6029F2196368DE00F42D3C /* Release */,
			);
			defaultConfigurationIsVisible = 0;
			defaultConfigurationName = Release;
		};
		9E6029F3196368DE00F42D3C /* Build configuration list for PBXNativeTarget "trayrace" */ = {
			isa = XCConfigurationList;
			buildConfigurations = (
				9E6029F4196368DE00F42D3C /* Debug */,
				9E6029F5196368DE00F42D3C /* Release */,
			);
			defaultConfigurationIsVisible = 0;
			defaultConfigurationName = Release;
		};
/* End XCConfigurationList section */
	};
	rootObject = 9E6029E2196368DE00F42D3C /* Project object */;
}
